// !$*UTF8*$!
{
	archiveVersion = 1;
	classes = {
	};
	objectVersion = 50;
	objects = {

/* Begin PBXBuildFile section */
		111A044322D4FB3D00D93262 /* PhotoViewController.swift in Sources */ = {isa = PBXBuildFile; fileRef = 111A044222D4FB3D00D93262 /* PhotoViewController.swift */; };
		111A044822D5F91600D93262 /* PredictionLayer.swift in Sources */ = {isa = PBXBuildFile; fileRef = 111A044722D5F91600D93262 /* PredictionLayer.swift */; };
		111A044A22D5FA3000D93262 /* Helpers.swift in Sources */ = {isa = PBXBuildFile; fileRef = 111A044922D5FA3000D93262 /* Helpers.swift */; };
		111A044C22D6253800D93262 /* Assets.xcassets in Resources */ = {isa = PBXBuildFile; fileRef = 111A044B22D6253800D93262 /* Assets.xcassets */; };
		111A8C3722E2015300F76A50 /* SettingsViewController.swift in Sources */ = {isa = PBXBuildFile; fileRef = 111A8C3622E2015300F76A50 /* SettingsViewController.swift */; };
		111A8C3922E20B2600F76A50 /* Settings.swift in Sources */ = {isa = PBXBuildFile; fileRef = 111A8C3822E20B2600F76A50 /* Settings.swift */; };
		111A8C3C22E6E3BD00F76A50 /* yolo-tiny.mlmodel in Sources */ = {isa = PBXBuildFile; fileRef = 111A8C3A22E6E3BD00F76A50 /* yolo-tiny.mlmodel */; };
		111A8C3D22E6E3BD00F76A50 /* yolo.mlmodel in Sources */ = {isa = PBXBuildFile; fileRef = 111A8C3B22E6E3BD00F76A50 /* yolo.mlmodel */; };
		111A8C3F22E706ED00F76A50 /* BBSmoother.swift in Sources */ = {isa = PBXBuildFile; fileRef = 111A8C3E22E706ED00F76A50 /* BBSmoother.swift */; };
		1132B4C822C633D500E7E509 /* AppDelegate.swift in Sources */ = {isa = PBXBuildFile; fileRef = 1132B4C722C633D500E7E509 /* AppDelegate.swift */; };
		1132B4CD22C633D500E7E509 /* Main.storyboard in Resources */ = {isa = PBXBuildFile; fileRef = 1132B4CB22C633D500E7E509 /* Main.storyboard */; };
		1132B4D222C633D600E7E509 /* LaunchScreen.storyboard in Resources */ = {isa = PBXBuildFile; fileRef = 1132B4D022C633D600E7E509 /* LaunchScreen.storyboard */; };
		113F20C422D74AEA001837AD /* OnlineViewController.swift in Sources */ = {isa = PBXBuildFile; fileRef = 113F20C322D74AEA001837AD /* OnlineViewController.swift */; };
		1173E14B22CB3C5B00324100 /* ModelProvider.swift in Sources */ = {isa = PBXBuildFile; fileRef = 1173E14A22CB3C5B00324100 /* ModelProvider.swift */; };
		1173E16E22CB8E0100324100 /* UIImageExtension.swift in Sources */ = {isa = PBXBuildFile; fileRef = 1173E16D22CB8E0100324100 /* UIImageExtension.swift */; };
		1173E17022CB909900324100 /* YOLO.swift in Sources */ = {isa = PBXBuildFile; fileRef = 1173E16F22CB909900324100 /* YOLO.swift */; };
		1173E17222CB940000324100 /* YOLOError.swift in Sources */ = {isa = PBXBuildFile; fileRef = 1173E17122CB940000324100 /* YOLOError.swift */; };
/* End PBXBuildFile section */

/* Begin PBXFileReference section */
		111A044222D4FB3D00D93262 /* PhotoViewController.swift */ = {isa = PBXFileReference; lastKnownFileType = sourcecode.swift; path = PhotoViewController.swift; sourceTree = "<group>"; };
		111A044722D5F91600D93262 /* PredictionLayer.swift */ = {isa = PBXFileReference; lastKnownFileType = sourcecode.swift; path = PredictionLayer.swift; sourceTree = "<group>"; };
		111A044922D5FA3000D93262 /* Helpers.swift */ = {isa = PBXFileReference; lastKnownFileType = sourcecode.swift; path = Helpers.swift; sourceTree = "<group>"; };
		111A044B22D6253800D93262 /* Assets.xcassets */ = {isa = PBXFileReference; lastKnownFileType = folder.assetcatalog; path = Assets.xcassets; sourceTree = "<group>"; };
		111A8C3622E2015300F76A50 /* SettingsViewController.swift */ = {isa = PBXFileReference; lastKnownFileType = sourcecode.swift; path = SettingsViewController.swift; sourceTree = "<group>"; };
		111A8C3822E20B2600F76A50 /* Settings.swift */ = {isa = PBXFileReference; lastKnownFileType = sourcecode.swift; path = Settings.swift; sourceTree = "<group>"; };
		111A8C3A22E6E3BD00F76A50 /* yolo-tiny.mlmodel */ = {isa = PBXFileReference; lastKnownFileType = file.mlmodel; name = "yolo-tiny.mlmodel"; path = "../../models/yolo-tiny.mlmodel"; sourceTree = "<group>"; };
		111A8C3B22E6E3BD00F76A50 /* yolo.mlmodel */ = {isa = PBXFileReference; lastKnownFileType = file.mlmodel; name = yolo.mlmodel; path = ../../models/yolo.mlmodel; sourceTree = "<group>"; };
		111A8C3E22E706ED00F76A50 /* BBSmoother.swift */ = {isa = PBXFileReference; lastKnownFileType = sourcecode.swift; path = BBSmoother.swift; sourceTree = "<group>"; };
		1132B4C422C633D400E7E509 /* yolov3.app */ = {isa = PBXFileReference; explicitFileType = wrapper.application; includeInIndex = 0; path = yolov3.app; sourceTree = BUILT_PRODUCTS_DIR; };
		1132B4C722C633D500E7E509 /* AppDelegate.swift */ = {isa = PBXFileReference; lastKnownFileType = sourcecode.swift; path = AppDelegate.swift; sourceTree = "<group>"; };
		1132B4CC22C633D500E7E509 /* Base */ = {isa = PBXFileReference; lastKnownFileType = file.storyboard; name = Base; path = Base.lproj/Main.storyboard; sourceTree = "<group>"; };
		1132B4D122C633D600E7E509 /* Base */ = {isa = PBXFileReference; lastKnownFileType = file.storyboard; name = Base; path = Base.lproj/LaunchScreen.storyboard; sourceTree = "<group>"; };
		1132B4D322C633D600E7E509 /* Info.plist */ = {isa = PBXFileReference; lastKnownFileType = text.plist.xml; path = Info.plist; sourceTree = "<group>"; };
		113F20C322D74AEA001837AD /* OnlineViewController.swift */ = {isa = PBXFileReference; lastKnownFileType = sourcecode.swift; path = OnlineViewController.swift; sourceTree = "<group>"; };
		1173E14A22CB3C5B00324100 /* ModelProvider.swift */ = {isa = PBXFileReference; lastKnownFileType = sourcecode.swift; path = ModelProvider.swift; sourceTree = "<group>"; };
		1173E16D22CB8E0100324100 /* UIImageExtension.swift */ = {isa = PBXFileReference; lastKnownFileType = sourcecode.swift; path = UIImageExtension.swift; sourceTree = "<group>"; };
		1173E16F22CB909900324100 /* YOLO.swift */ = {isa = PBXFileReference; lastKnownFileType = sourcecode.swift; path = YOLO.swift; sourceTree = "<group>"; };
		1173E17122CB940000324100 /* YOLOError.swift */ = {isa = PBXFileReference; lastKnownFileType = sourcecode.swift; path = YOLOError.swift; sourceTree = "<group>"; };
/* End PBXFileReference section */

/* Begin PBXFrameworksBuildPhase section */
		1132B4C122C633D400E7E509 /* Frameworks */ = {
			isa = PBXFrameworksBuildPhase;
			buildActionMask = 2147483647;
			files = (
			);
			runOnlyForDeploymentPostprocessing = 0;
		};
/* End PBXFrameworksBuildPhase section */

/* Begin PBXGroup section */
		111A044522D5F87B00D93262 /* ViewControllers */ = {
			isa = PBXGroup;
			children = (
				111A044222D4FB3D00D93262 /* PhotoViewController.swift */,
				113F20C322D74AEA001837AD /* OnlineViewController.swift */,
				111A8C3622E2015300F76A50 /* SettingsViewController.swift */,
			);
			path = ViewControllers;
			sourceTree = "<group>";
		};
		111A044622D5F8AC00D93262 /* Model */ = {
			isa = PBXGroup;
			children = (
				1173E14A22CB3C5B00324100 /* ModelProvider.swift */,
				1173E16F22CB909900324100 /* YOLO.swift */,
				1173E17122CB940000324100 /* YOLOError.swift */,
				111A044722D5F91600D93262 /* PredictionLayer.swift */,
				111A044922D5FA3000D93262 /* Helpers.swift */,
				111A8C3E22E706ED00F76A50 /* BBSmoother.swift */,
			);
			path = Model;
			sourceTree = "<group>";
		};
		1132B4BB22C633D400E7E509 = {
			isa = PBXGroup;
			children = (
				1132B4C622C633D400E7E509 /* yolov3 */,
				1132B4C522C633D400E7E509 /* Products */,
			);
			indentWidth = 2;
			sourceTree = "<group>";
			tabWidth = 2;
			usesTabs = 0;
			wrapsLines = 0;
		};
		1132B4C522C633D400E7E509 /* Products */ = {
			isa = PBXGroup;
			children = (
				1132B4C422C633D400E7E509 /* yolov3.app */,
			);
			name = Products;
			sourceTree = "<group>";
		};
		1132B4C622C633D400E7E509 /* yolov3 */ = {
			isa = PBXGroup;
			children = (
				113F20C222D74A69001837AD /* MLModels */,
				111A044622D5F8AC00D93262 /* Model */,
				111A044522D5F87B00D93262 /* ViewControllers */,
				1132B4C722C633D500E7E509 /* AppDelegate.swift */,
				111A8C3822E20B2600F76A50 /* Settings.swift */,
				1173E16D22CB8E0100324100 /* UIImageExtension.swift */,
				1132B4CB22C633D500E7E509 /* Main.storyboard */,
				1132B4D022C633D600E7E509 /* LaunchScreen.storyboard */,
				111A044B22D6253800D93262 /* Assets.xcassets */,
				1132B4D322C633D600E7E509 /* Info.plist */,
			);
			path = yolov3;
			sourceTree = "<group>";
		};
		113F20C222D74A69001837AD /* MLModels */ = {
			isa = PBXGroup;
			children = (
				111A8C3A22E6E3BD00F76A50 /* yolo-tiny.mlmodel */,
				111A8C3B22E6E3BD00F76A50 /* yolo.mlmodel */,
			);
			name = MLModels;
			sourceTree = "<group>";
		};
/* End PBXGroup section */

/* Begin PBXNativeTarget section */
		1132B4C322C633D400E7E509 /* yolov3 */ = {
			isa = PBXNativeTarget;
			buildConfigurationList = 1132B4D622C633D600E7E509 /* Build configuration list for PBXNativeTarget "yolov3" */;
			buildPhases = (
				1132B4C022C633D400E7E509 /* Sources */,
				1132B4C122C633D400E7E509 /* Frameworks */,
				1132B4C222C633D400E7E509 /* Resources */,
			);
			buildRules = (
			);
			dependencies = (
			);
			name = yolov3;
			productName = yolov3;
			productReference = 1132B4C422C633D400E7E509 /* yolov3.app */;
			productType = "com.apple.product-type.application";
		};
/* End PBXNativeTarget section */

/* Begin PBXProject section */
		1132B4BC22C633D400E7E509 /* Project object */ = {
			isa = PBXProject;
			attributes = {
				LastSwiftUpdateCheck = 1020;
				LastUpgradeCheck = 1020;
				ORGANIZATIONNAME = Alexander;
				TargetAttributes = {
					1132B4C322C633D400E7E509 = {
						CreatedOnToolsVersion = 10.2.1;
					};
				};
			};
			buildConfigurationList = 1132B4BF22C633D400E7E509 /* Build configuration list for PBXProject "yolov3" */;
			compatibilityVersion = "Xcode 9.3";
			developmentRegion = en;
			hasScannedForEncodings = 0;
			knownRegions = (
				en,
				Base,
			);
			mainGroup = 1132B4BB22C633D400E7E509;
			productRefGroup = 1132B4C522C633D400E7E509 /* Products */;
			projectDirPath = "";
			projectRoot = "";
			targets = (
				1132B4C322C633D400E7E509 /* yolov3 */,
			);
		};
/* End PBXProject section */

/* Begin PBXResourcesBuildPhase section */
		1132B4C222C633D400E7E509 /* Resources */ = {
			isa = PBXResourcesBuildPhase;
			buildActionMask = 2147483647;
			files = (
				1132B4D222C633D600E7E509 /* LaunchScreen.storyboard in Resources */,
				111A044C22D6253800D93262 /* Assets.xcassets in Resources */,
				1132B4CD22C633D500E7E509 /* Main.storyboard in Resources */,
			);
			runOnlyForDeploymentPostprocessing = 0;
		};
/* End PBXResourcesBuildPhase section */

/* Begin PBXSourcesBuildPhase section */
		1132B4C022C633D400E7E509 /* Sources */ = {
			isa = PBXSourcesBuildPhase;
			buildActionMask = 2147483647;
			files = (
				111A8C3922E20B2600F76A50 /* Settings.swift in Sources */,
				111A8C3C22E6E3BD00F76A50 /* yolo-tiny.mlmodel in Sources */,
				1132B4C822C633D500E7E509 /* AppDelegate.swift in Sources */,
				111A044A22D5FA3000D93262 /* Helpers.swift in Sources */,
				1173E14B22CB3C5B00324100 /* ModelProvider.swift in Sources */,
				111A044822D5F91600D93262 /* PredictionLayer.swift in Sources */,
				111A8C3D22E6E3BD00F76A50 /* yolo.mlmodel in Sources */,
				111A044322D4FB3D00D93262 /* PhotoViewController.swift in Sources */,
				1173E17022CB909900324100 /* YOLO.swift in Sources */,
				113F20C422D74AEA001837AD /* OnlineViewController.swift in Sources */,
				111A8C3F22E706ED00F76A50 /* BBSmoother.swift in Sources */,
				1173E16E22CB8E0100324100 /* UIImageExtension.swift in Sources */,
				1173E17222CB940000324100 /* YOLOError.swift in Sources */,
				111A8C3722E2015300F76A50 /* SettingsViewController.swift in Sources */,
			);
			runOnlyForDeploymentPostprocessing = 0;
		};
/* End PBXSourcesBuildPhase section */

/* Begin PBXVariantGroup section */
		1132B4CB22C633D500E7E509 /* Main.storyboard */ = {
			isa = PBXVariantGroup;
			children = (
				1132B4CC22C633D500E7E509 /* Base */,
			);
			name = Main.storyboard;
			sourceTree = "<group>";
		};
		1132B4D022C633D600E7E509 /* LaunchScreen.storyboard */ = {
			isa = PBXVariantGroup;
			children = (
				1132B4D122C633D600E7E509 /* Base */,
			);
			name = LaunchScreen.storyboard;
			sourceTree = "<group>";
		};
/* End PBXVariantGroup section */

/* Begin XCBuildConfiguration section */
		1132B4D422C633D600E7E509 /* Debug */ = {
			isa = XCBuildConfiguration;
			buildSettings = {
				ALWAYS_SEARCH_USER_PATHS = NO;
				CLANG_ANALYZER_NONNULL = YES;
				CLANG_ANALYZER_NUMBER_OBJECT_CONVERSION = YES_AGGRESSIVE;
				CLANG_CXX_LANGUAGE_STANDARD = "gnu++14";
				CLANG_CXX_LIBRARY = "libc++";
				CLANG_ENABLE_MODULES = YES;
				CLANG_ENABLE_OBJC_ARC = YES;
				CLANG_ENABLE_OBJC_WEAK = YES;
				CLANG_WARN_BLOCK_CAPTURE_AUTORELEASING = YES;
				CLANG_WARN_BOOL_CONVERSION = YES;
				CLANG_WARN_COMMA = YES;
				CLANG_WARN_CONSTANT_CONVERSION = YES;
				CLANG_WARN_DEPRECATED_OBJC_IMPLEMENTATIONS = YES;
				CLANG_WARN_DIRECT_OBJC_ISA_USAGE = YES_ERROR;
				CLANG_WARN_DOCUMENTATION_COMMENTS = YES;
				CLANG_WARN_EMPTY_BODY = YES;
				CLANG_WARN_ENUM_CONVERSION = YES;
				CLANG_WARN_INFINITE_RECURSION = YES;
				CLANG_WARN_INT_CONVERSION = YES;
				CLANG_WARN_NON_LITERAL_NULL_CONVERSION = YES;
				CLANG_WARN_OBJC_IMPLICIT_RETAIN_SELF = YES;
				CLANG_WARN_OBJC_LITERAL_CONVERSION = YES;
				CLANG_WARN_OBJC_ROOT_CLASS = YES_ERROR;
				CLANG_WARN_RANGE_LOOP_ANALYSIS = YES;
				CLANG_WARN_STRICT_PROTOTYPES = YES;
				CLANG_WARN_SUSPICIOUS_MOVE = YES;
				CLANG_WARN_UNGUARDED_AVAILABILITY = YES_AGGRESSIVE;
				CLANG_WARN_UNREACHABLE_CODE = YES;
				CLANG_WARN__DUPLICATE_METHOD_MATCH = YES;
				CODE_SIGN_IDENTITY = "iPhone Developer";
				COPY_PHASE_STRIP = NO;
				DEBUG_INFORMATION_FORMAT = dwarf;
				ENABLE_STRICT_OBJC_MSGSEND = YES;
				ENABLE_TESTABILITY = YES;
				GCC_C_LANGUAGE_STANDARD = gnu11;
				GCC_DYNAMIC_NO_PIC = NO;
				GCC_NO_COMMON_BLOCKS = YES;
				GCC_OPTIMIZATION_LEVEL = 0;
				GCC_PREPROCESSOR_DEFINITIONS = (
					"DEBUG=1",
					"$(inherited)",
				);
				GCC_WARN_64_TO_32_BIT_CONVERSION = YES;
				GCC_WARN_ABOUT_RETURN_TYPE = YES_ERROR;
				GCC_WARN_UNDECLARED_SELECTOR = YES;
				GCC_WARN_UNINITIALIZED_AUTOS = YES_AGGRESSIVE;
				GCC_WARN_UNUSED_FUNCTION = YES;
				GCC_WARN_UNUSED_VARIABLE = YES;
				IPHONEOS_DEPLOYMENT_TARGET = 12.2;
				MTL_ENABLE_DEBUG_INFO = INCLUDE_SOURCE;
				MTL_FAST_MATH = YES;
				ONLY_ACTIVE_ARCH = YES;
				SDKROOT = iphoneos;
				SWIFT_ACTIVE_COMPILATION_CONDITIONS = DEBUG;
				SWIFT_OPTIMIZATION_LEVEL = "-Onone";
			};
			name = Debug;
		};
		1132B4D522C633D600E7E509 /* Release */ = {
			isa = XCBuildConfiguration;
			buildSettings = {
				ALWAYS_SEARCH_USER_PATHS = NO;
				CLANG_ANALYZER_NONNULL = YES;
				CLANG_ANALYZER_NUMBER_OBJECT_CONVERSION = YES_AGGRESSIVE;
				CLANG_CXX_LANGUAGE_STANDARD = "gnu++14";
				CLANG_CXX_LIBRARY = "libc++";
				CLANG_ENABLE_MODULES = YES;
				CLANG_ENABLE_OBJC_ARC = YES;
				CLANG_ENABLE_OBJC_WEAK = YES;
				CLANG_WARN_BLOCK_CAPTURE_AUTORELEASING = YES;
				CLANG_WARN_BOOL_CONVERSION = YES;
				CLANG_WARN_COMMA = YES;
				CLANG_WARN_CONSTANT_CONVERSION = YES;
				CLANG_WARN_DEPRECATED_OBJC_IMPLEMENTATIONS = YES;
				CLANG_WARN_DIRECT_OBJC_ISA_USAGE = YES_ERROR;
				CLANG_WARN_DOCUMENTATION_COMMENTS = YES;
				CLANG_WARN_EMPTY_BODY = YES;
				CLANG_WARN_ENUM_CONVERSION = YES;
				CLANG_WARN_INFINITE_RECURSION = YES;
				CLANG_WARN_INT_CONVERSION = YES;
				CLANG_WARN_NON_LITERAL_NULL_CONVERSION = YES;
				CLANG_WARN_OBJC_IMPLICIT_RETAIN_SELF = YES;
				CLANG_WARN_OBJC_LITERAL_CONVERSION = YES;
				CLANG_WARN_OBJC_ROOT_CLASS = YES_ERROR;
				CLANG_WARN_RANGE_LOOP_ANALYSIS = YES;
				CLANG_WARN_STRICT_PROTOTYPES = YES;
				CLANG_WARN_SUSPICIOUS_MOVE = YES;
				CLANG_WARN_UNGUARDED_AVAILABILITY = YES_AGGRESSIVE;
				CLANG_WARN_UNREACHABLE_CODE = YES;
				CLANG_WARN__DUPLICATE_METHOD_MATCH = YES;
				CODE_SIGN_IDENTITY = "iPhone Developer";
				COPY_PHASE_STRIP = NO;
				DEBUG_INFORMATION_FORMAT = "dwarf-with-dsym";
				ENABLE_NS_ASSERTIONS = NO;
				ENABLE_STRICT_OBJC_MSGSEND = YES;
				GCC_C_LANGUAGE_STANDARD = gnu11;
				GCC_NO_COMMON_BLOCKS = YES;
				GCC_WARN_64_TO_32_BIT_CONVERSION = YES;
				GCC_WARN_ABOUT_RETURN_TYPE = YES_ERROR;
				GCC_WARN_UNDECLARED_SELECTOR = YES;
				GCC_WARN_UNINITIALIZED_AUTOS = YES_AGGRESSIVE;
				GCC_WARN_UNUSED_FUNCTION = YES;
				GCC_WARN_UNUSED_VARIABLE = YES;
				IPHONEOS_DEPLOYMENT_TARGET = 12.2;
				MTL_ENABLE_DEBUG_INFO = NO;
				MTL_FAST_MATH = YES;
				SDKROOT = iphoneos;
				SWIFT_COMPILATION_MODE = wholemodule;
				SWIFT_OPTIMIZATION_LEVEL = "-O";
				VALIDATE_PRODUCT = YES;
			};
			name = Release;
		};
		1132B4D722C633D600E7E509 /* Debug */ = {
			isa = XCBuildConfiguration;
			buildSettings = {
				ASSETCATALOG_COMPILER_APPICON_NAME = AppIcon;
				CODE_SIGN_STYLE = Automatic;
				DEVELOPMENT_TEAM = VRT8E292V6;
				INFOPLIST_FILE = yolov3/Info.plist;
				LD_RUNPATH_SEARCH_PATHS = (
					"$(inherited)",
					"@executable_path/Frameworks",
				);
				PRODUCT_BUNDLE_IDENTIFIER = moonl1ght.yolov3;
				PRODUCT_NAME = "$(TARGET_NAME)";
				SWIFT_VERSION = 5.0;
				TARGETED_DEVICE_FAMILY = "1,2";
			};
			name = Debug;
		};
		1132B4D822C633D600E7E509 /* Release */ = {
			isa = XCBuildConfiguration;
			buildSettings = {
				ASSETCATALOG_COMPILER_APPICON_NAME = AppIcon;
				CODE_SIGN_STYLE = Automatic;
				DEVELOPMENT_TEAM = VRT8E292V6;
				INFOPLIST_FILE = yolov3/Info.plist;
				LD_RUNPATH_SEARCH_PATHS = (
					"$(inherited)",
					"@executable_path/Frameworks",
				);
				PRODUCT_BUNDLE_IDENTIFIER = moonl1ght.yolov3;
				PRODUCT_NAME = "$(TARGET_NAME)";
				SWIFT_VERSION = 5.0;
				TARGETED_DEVICE_FAMILY = "1,2";
			};
			name = Release;
		};
/* End XCBuildConfiguration section */

/* Begin XCConfigurationList section */
		1132B4BF22C633D400E7E509 /* Build configuration list for PBXProject "yolov3" */ = {
			isa = XCConfigurationList;
			buildConfigurations = (
				1132B4D422C633D600E7E509 /* Debug */,
				1132B4D522C633D600E7E509 /* Release */,
			);
			defaultConfigurationIsVisible = 0;
			defaultConfigurationName = Release;
		};
		1132B4D622C633D600E7E509 /* Build configuration list for PBXNativeTarget "yolov3" */ = {
			isa = XCConfigurationList;
			buildConfigurations = (
				1132B4D722C633D600E7E509 /* Debug */,
				1132B4D822C633D600E7E509 /* Release */,
			);
			defaultConfigurationIsVisible = 0;
			defaultConfigurationName = Release;
		};
/* End XCConfigurationList section */
	};
	rootObject = 1132B4BC22C633D400E7E509 /* Project object */;
}
